// !$*UTF8*$!
{
	archiveVersion = 1;
	classes = {
	};
	objectVersion = 50;
	objects = {

/* Begin PBXBuildFile section */
		FAB898B227A8ADE50088BFFF /* AppDelegate.swift in Sources */ = {isa = PBXBuildFile; fileRef = FAB898B127A8ADE50088BFFF /* AppDelegate.swift */; };
		FAB898B427A8ADE50088BFFF /* SceneDelegate.swift in Sources */ = {isa = PBXBuildFile; fileRef = FAB898B327A8ADE50088BFFF /* SceneDelegate.swift */; };
		FAB898B627A8ADE50088BFFF /* ViewController.swift in Sources */ = {isa = PBXBuildFile; fileRef = FAB898B527A8ADE50088BFFF /* ViewController.swift */; };
		FAB898B927A8ADE50088BFFF /* Main.storyboard in Resources */ = {isa = PBXBuildFile; fileRef = FAB898B727A8ADE50088BFFF /* Main.storyboard */; };
		FAB898BB27A8ADE60088BFFF /* Assets.xcassets in Resources */ = {isa = PBXBuildFile; fileRef = FAB898BA27A8ADE60088BFFF /* Assets.xcassets */; };
		FAB898BE27A8ADE60088BFFF /* LaunchScreen.storyboard in Resources */ = {isa = PBXBuildFile; fileRef = FAB898BC27A8ADE60088BFFF /* LaunchScreen.storyboard */; };
		FAB898C927A8ADE60088BFFF /* PreworkTests.swift in Sources */ = {isa = PBXBuildFile; fileRef = FAB898C827A8ADE60088BFFF /* PreworkTests.swift */; };
		FAB898D427A8ADE60088BFFF /* PreworkUITests.swift in Sources */ = {isa = PBXBuildFile; fileRef = FAB898D327A8ADE60088BFFF /* PreworkUITests.swift */; };
/* End PBXBuildFile section */

/* Begin PBXContainerItemProxy section */
		FAB898C527A8ADE60088BFFF /* PBXContainerItemProxy */ = {
			isa = PBXContainerItemProxy;
			containerPortal = FAB898A627A8ADE50088BFFF /* Project object */;
			proxyType = 1;
			remoteGlobalIDString = FAB898AD27A8ADE50088BFFF;
			remoteInfo = Prework;
		};
		FAB898D027A8ADE60088BFFF /* PBXContainerItemProxy */ = {
			isa = PBXContainerItemProxy;
			containerPortal = FAB898A627A8ADE50088BFFF /* Project object */;
			proxyType = 1;
			remoteGlobalIDString = FAB898AD27A8ADE50088BFFF;
			remoteInfo = Prework;
		};
/* End PBXContainerItemProxy section */

/* Begin PBXFileReference section */
		FAB898AE27A8ADE50088BFFF /* Prework.app */ = {isa = PBXFileReference; explicitFileType = wrapper.application; includeInIndex = 0; path = Prework.app; sourceTree = BUILT_PRODUCTS_DIR; };
		FAB898B127A8ADE50088BFFF /* AppDelegate.swift */ = {isa = PBXFileReference; lastKnownFileType = sourcecode.swift; path = AppDelegate.swift; sourceTree = "<group>"; };
		FAB898B327A8ADE50088BFFF /* SceneDelegate.swift */ = {isa = PBXFileReference; lastKnownFileType = sourcecode.swift; path = SceneDelegate.swift; sourceTree = "<group>"; };
		FAB898B527A8ADE50088BFFF /* ViewController.swift */ = {isa = PBXFileReference; lastKnownFileType = sourcecode.swift; path = ViewController.swift; sourceTree = "<group>"; };
		FAB898B827A8ADE50088BFFF /* Base */ = {isa = PBXFileReference; lastKnownFileType = file.storyboard; name = Base; path = Base.lproj/Main.storyboard; sourceTree = "<group>"; };
		FAB898BA27A8ADE60088BFFF /* Assets.xcassets */ = {isa = PBXFileReference; lastKnownFileType = folder.assetcatalog; path = Assets.xcassets; sourceTree = "<group>"; };
		FAB898BD27A8ADE60088BFFF /* Base */ = {isa = PBXFileReference; lastKnownFileType = file.storyboard; name = Base; path = Base.lproj/LaunchScreen.storyboard; sourceTree = "<group>"; };
		FAB898BF27A8ADE60088BFFF /* Info.plist */ = {isa = PBXFileReference; lastKnownFileType = text.plist.xml; path = Info.plist; sourceTree = "<group>"; };
		FAB898C427A8ADE60088BFFF /* PreworkTests.xctest */ = {isa = PBXFileReference; explicitFileType = wrapper.cfbundle; includeInIndex = 0; path = PreworkTests.xctest; sourceTree = BUILT_PRODUCTS_DIR; };
		FAB898C827A8ADE60088BFFF /* PreworkTests.swift */ = {isa = PBXFileReference; lastKnownFileType = sourcecode.swift; path = PreworkTests.swift; sourceTree = "<group>"; };
		FAB898CA27A8ADE60088BFFF /* Info.plist */ = {isa = PBXFileReference; lastKnownFileType = text.plist.xml; path = Info.plist; sourceTree = "<group>"; };
		FAB898CF27A8ADE60088BFFF /* PreworkUITests.xctest */ = {isa = PBXFileReference; explicitFileType = wrapper.cfbundle; includeInIndex = 0; path = PreworkUITests.xctest; sourceTree = BUILT_PRODUCTS_DIR; };
		FAB898D327A8ADE60088BFFF /* PreworkUITests.swift */ = {isa = PBXFileReference; lastKnownFileType = sourcecode.swift; path = PreworkUITests.swift; sourceTree = "<group>"; };
		FAB898D527A8ADE60088BFFF /* Info.plist */ = {isa = PBXFileReference; lastKnownFileType = text.plist.xml; path = Info.plist; sourceTree = "<group>"; };
/* End PBXFileReference section */

/* Begin PBXFrameworksBuildPhase section */
		FAB898AB27A8ADE50088BFFF /* Frameworks */ = {
			isa = PBXFrameworksBuildPhase;
			buildActionMask = 2147483647;
			files = (
			);
			runOnlyForDeploymentPostprocessing = 0;
		};
		FAB898C127A8ADE60088BFFF /* Frameworks */ = {
			isa = PBXFrameworksBuildPhase;
			buildActionMask = 2147483647;
			files = (
			);
			runOnlyForDeploymentPostprocessing = 0;
		};
		FAB898CC27A8ADE60088BFFF /* Frameworks */ = {
			isa = PBXFrameworksBuildPhase;
			buildActionMask = 2147483647;
			files = (
			);
			runOnlyForDeploymentPostprocessing = 0;
		};
/* End PBXFrameworksBuildPhase section */

/* Begin PBXGroup section */
		FAB898A527A8ADE50088BFFF = {
			isa = PBXGroup;
			children = (
				FAB898B027A8ADE50088BFFF /* Prework */,
				FAB898C727A8ADE60088BFFF /* PreworkTests */,
				FAB898D227A8ADE60088BFFF /* PreworkUITests */,
				FAB898AF27A8ADE50088BFFF /* Products */,
			);
			sourceTree = "<group>";
		};
		FAB898AF27A8ADE50088BFFF /* Products */ = {
			isa = PBXGroup;
			children = (
				FAB898AE27A8ADE50088BFFF /* Prework.app */,
				FAB898C427A8ADE60088BFFF /* PreworkTests.xctest */,
				FAB898CF27A8ADE60088BFFF /* PreworkUITests.xctest */,
			);
			name = Products;
			sourceTree = "<group>";
		};
		FAB898B027A8ADE50088BFFF /* Prework */ = {
			isa = PBXGroup;
			children = (
				FAB898B127A8ADE50088BFFF /* AppDelegate.swift */,
				FAB898B327A8ADE50088BFFF /* SceneDelegate.swift */,
				FAB898B527A8ADE50088BFFF /* ViewController.swift */,
				FAB898B727A8ADE50088BFFF /* Main.storyboard */,
				FAB898BA27A8ADE60088BFFF /* Assets.xcassets */,
				FAB898BC27A8ADE60088BFFF /* LaunchScreen.storyboard */,
				FAB898BF27A8ADE60088BFFF /* Info.plist */,
			);
			path = Prework;
			sourceTree = "<group>";
		};
		FAB898C727A8ADE60088BFFF /* PreworkTests */ = {
			isa = PBXGroup;
			children = (
				FAB898C827A8ADE60088BFFF /* PreworkTests.swift */,
				FAB898CA27A8ADE60088BFFF /* Info.plist */,
			);
			path = PreworkTests;
			sourceTree = "<group>";
		};
		FAB898D227A8ADE60088BFFF /* PreworkUITests */ = {
			isa = PBXGroup;
			children = (
				FAB898D327A8ADE60088BFFF /* PreworkUITests.swift */,
				FAB898D527A8ADE60088BFFF /* Info.plist */,
			);
			path = PreworkUITests;
			sourceTree = "<group>";
		};
/* End PBXGroup section */

/* Begin PBXNativeTarget section */
		FAB898AD27A8ADE50088BFFF /* Prework */ = {
			isa = PBXNativeTarget;
			buildConfigurationList = FAB898D827A8ADE60088BFFF /* Build configuration list for PBXNativeTarget "Prework" */;
			buildPhases = (
				FAB898AA27A8ADE50088BFFF /* Sources */,
				FAB898AB27A8ADE50088BFFF /* Frameworks */,
				FAB898AC27A8ADE50088BFFF /* Resources */,
			);
			buildRules = (
			);
			dependencies = (
			);
			name = Prework;
			productName = Prework;
			productReference = FAB898AE27A8ADE50088BFFF /* Prework.app */;
			productType = "com.apple.product-type.application";
		};
		FAB898C327A8ADE60088BFFF /* PreworkTests */ = {
			isa = PBXNativeTarget;
			buildConfigurationList = FAB898DB27A8ADE60088BFFF /* Build configuration list for PBXNativeTarget "PreworkTests" */;
			buildPhases = (
				FAB898C027A8ADE60088BFFF /* Sources */,
				FAB898C127A8ADE60088BFFF /* Frameworks */,
				FAB898C227A8ADE60088BFFF /* Resources */,
			);
			buildRules = (
			);
			dependencies = (
				FAB898C627A8ADE60088BFFF /* PBXTargetDependency */,
			);
			name = PreworkTests;
			productName = PreworkTests;
			productReference = FAB898C427A8ADE60088BFFF /* PreworkTests.xctest */;
			productType = "com.apple.product-type.bundle.unit-test";
		};
		FAB898CE27A8ADE60088BFFF /* PreworkUITests */ = {
			isa = PBXNativeTarget;
			buildConfigurationList = FAB898DE27A8ADE60088BFFF /* Build configuration list for PBXNativeTarget "PreworkUITests" */;
			buildPhases = (
				FAB898CB27A8ADE60088BFFF /* Sources */,
				FAB898CC27A8ADE60088BFFF /* Frameworks */,
				FAB898CD27A8ADE60088BFFF /* Resources */,
			);
			buildRules = (
			);
			dependencies = (
				FAB898D127A8ADE60088BFFF /* PBXTargetDependency */,
			);
			name = PreworkUITests;
			productName = PreworkUITests;
			productReference = FAB898CF27A8ADE60088BFFF /* PreworkUITests.xctest */;
			productType = "com.apple.product-type.bundle.ui-testing";
		};
/* End PBXNativeTarget section */

/* Begin PBXProject section */
		FAB898A627A8ADE50088BFFF /* Project object */ = {
			isa = PBXProject;
			attributes = {
				LastSwiftUpdateCheck = 1240;
				LastUpgradeCheck = 1240;
				TargetAttributes = {
					FAB898AD27A8ADE50088BFFF = {
						CreatedOnToolsVersion = 12.4;
					};
					FAB898C327A8ADE60088BFFF = {
						CreatedOnToolsVersion = 12.4;
						TestTargetID = FAB898AD27A8ADE50088BFFF;
					};
					FAB898CE27A8ADE60088BFFF = {
						CreatedOnToolsVersion = 12.4;
						TestTargetID = FAB898AD27A8ADE50088BFFF;
					};
				};
			};
			buildConfigurationList = FAB898A927A8ADE50088BFFF /* Build configuration list for PBXProject "Prework" */;
			compatibilityVersion = "Xcode 9.3";
			developmentRegion = en;
			hasScannedForEncodings = 0;
			knownRegions = (
				en,
				Base,
			);
			mainGroup = FAB898A527A8ADE50088BFFF;
			productRefGroup = FAB898AF27A8ADE50088BFFF /* Products */;
			projectDirPath = "";
			projectRoot = "";
			targets = (
				FAB898AD27A8ADE50088BFFF /* Prework */,
				FAB898C327A8ADE60088BFFF /* PreworkTests */,
				FAB898CE27A8ADE60088BFFF /* PreworkUITests */,
			);
		};
/* End PBXProject section */

/* Begin PBXResourcesBuildPhase section */
		FAB898AC27A8ADE50088BFFF /* Resources */ = {
			isa = PBXResourcesBuildPhase;
			buildActionMask = 2147483647;
			files = (
				FAB898BE27A8ADE60088BFFF /* LaunchScreen.storyboard in Resources */,
				FAB898BB27A8ADE60088BFFF /* Assets.xcassets in Resources */,
				FAB898B927A8ADE50088BFFF /* Main.storyboard in Resources */,
			);
			runOnlyForDeploymentPostprocessing = 0;
		};
		FAB898C227A8ADE60088BFFF /* Resources */ = {
			isa = PBXResourcesBuildPhase;
			buildActionMask = 2147483647;
			files = (
			);
			runOnlyForDeploymentPostprocessing = 0;
		};
		FAB898CD27A8ADE60088BFFF /* Resources */ = {
			isa = PBXResourcesBuildPhase;
			buildActionMask = 2147483647;
			files = (
			);
			runOnlyForDeploymentPostprocessing = 0;
		};
/* End PBXResourcesBuildPhase section */

/* Begin PBXSourcesBuildPhase section */
		FAB898AA27A8ADE50088BFFF /* Sources */ = {
			isa = PBXSourcesBuildPhase;
			buildActionMask = 2147483647;
			files = (
				FAB898B627A8ADE50088BFFF /* ViewController.swift in Sources */,
				FAB898B227A8ADE50088BFFF /* AppDelegate.swift in Sources */,
				FAB898B427A8ADE50088BFFF /* SceneDelegate.swift in Sources */,
			);
			runOnlyForDeploymentPostprocessing = 0;
		};
		FAB898C027A8ADE60088BFFF /* Sources */ = {
			isa = PBXSourcesBuildPhase;
			buildActionMask = 2147483647;
			files = (
				FAB898C927A8ADE60088BFFF /* PreworkTests.swift in Sources */,
			);
			runOnlyForDeploymentPostprocessing = 0;
		};
		FAB898CB27A8ADE60088BFFF /* Sources */ = {
			isa = PBXSourcesBuildPhase;
			buildActionMask = 2147483647;
			files = (
				FAB898D427A8ADE60088BFFF /* PreworkUITests.swift in Sources */,
			);
			runOnlyForDeploymentPostprocessing = 0;
		};
/* End PBXSourcesBuildPhase section */

/* Begin PBXTargetDependency section */
		FAB898C627A8ADE60088BFFF /* PBXTargetDependency */ = {
			isa = PBXTargetDependency;
			target = FAB898AD27A8ADE50088BFFF /* Prework */;
			targetProxy = FAB898C527A8ADE60088BFFF /* PBXContainerItemProxy */;
		};
		FAB898D127A8ADE60088BFFF /* PBXTargetDependency */ = {
			isa = PBXTargetDependency;
			target = FAB898AD27A8ADE50088BFFF /* Prework */;
			targetProxy = FAB898D027A8ADE60088BFFF /* PBXContainerItemProxy */;
		};
/* End PBXTargetDependency section */

/* Begin PBXVariantGroup section */
		FAB898B727A8ADE50088BFFF /* Main.storyboard */ = {
			isa = PBXVariantGroup;
			children = (
				FAB898B827A8ADE50088BFFF /* Base */,
			);
			name = Main.storyboard;
			sourceTree = "<group>";
		};
		FAB898BC27A8ADE60088BFFF /* LaunchScreen.storyboard */ = {
			isa = PBXVariantGroup;
			children = (
				FAB898BD27A8ADE60088BFFF /* Base */,
			);
			name = LaunchScreen.storyboard;
			sourceTree = "<group>";
		};
/* End PBXVariantGroup section */

/* Begin XCBuildConfiguration section */
		FAB898D627A8ADE60088BFFF /* Debug */ = {
			isa = XCBuildConfiguration;
			buildSettings = {
				ALWAYS_SEARCH_USER_PATHS = NO;
				CLANG_ANALYZER_NONNULL = YES;
				CLANG_ANALYZER_NUMBER_OBJECT_CONVERSION = YES_AGGRESSIVE;
				CLANG_CXX_LANGUAGE_STANDARD = "gnu++14";
				CLANG_CXX_LIBRARY = "libc++";
				CLANG_ENABLE_MODULES = YES;
				CLANG_ENABLE_OBJC_ARC = YES;
				CLANG_ENABLE_OBJC_WEAK = YES;
				CLANG_WARN_BLOCK_CAPTURE_AUTORELEASING = YES;
				CLANG_WARN_BOOL_CONVERSION = YES;
				CLANG_WARN_COMMA = YES;
				CLANG_WARN_CONSTANT_CONVERSION = YES;
				CLANG_WARN_DEPRECATED_OBJC_IMPLEMENTATIONS = YES;
				CLANG_WARN_DIRECT_OBJC_ISA_USAGE = YES_ERROR;
				CLANG_WARN_DOCUMENTATION_COMMENTS = YES;
				CLANG_WARN_EMPTY_BODY = YES;
				CLANG_WARN_ENUM_CONVERSION = YES;
				CLANG_WARN_INFINITE_RECURSION = YES;
				CLANG_WARN_INT_CONVERSION = YES;
				CLANG_WARN_NON_LITERAL_NULL_CONVERSION = YES;
				CLANG_WARN_OBJC_IMPLICIT_RETAIN_SELF = YES;
				CLANG_WARN_OBJC_LITERAL_CONVERSION = YES;
				CLANG_WARN_OBJC_ROOT_CLASS = YES_ERROR;
				CLANG_WARN_QUOTED_INCLUDE_IN_FRAMEWORK_HEADER = YES;
				CLANG_WARN_RANGE_LOOP_ANALYSIS = YES;
				CLANG_WARN_STRICT_PROTOTYPES = YES;
				CLANG_WARN_SUSPICIOUS_MOVE = YES;
				CLANG_WARN_UNGUARDED_AVAILABILITY = YES_AGGRESSIVE;
				CLANG_WARN_UNREACHABLE_CODE = YES;
				CLANG_WARN__DUPLICATE_METHOD_MATCH = YES;
				COPY_PHASE_STRIP = NO;
				DEBUG_INFORMATION_FORMAT = dwarf;
				ENABLE_STRICT_OBJC_MSGSEND = YES;
				ENABLE_TESTABILITY = YES;
				GCC_C_LANGUAGE_STANDARD = gnu11;
				GCC_DYNAMIC_NO_PIC = NO;
				GCC_NO_COMMON_BLOCKS = YES;
				GCC_OPTIMIZATION_LEVEL = 0;
				GCC_PREPROCESSOR_DEFINITIONS = (
					"DEBUG=1",
					"$(inherited)",
				);
				GCC_WARN_64_TO_32_BIT_CONVERSION = YES;
				GCC_WARN_ABOUT_RETURN_TYPE = YES_ERROR;
				GCC_WARN_UNDECLARED_SELECTOR = YES;
				GCC_WARN_UNINITIALIZED_AUTOS = YES_AGGRESSIVE;
				GCC_WARN_UNUSED_FUNCTION = YES;
				GCC_WARN_UNUSED_VARIABLE = YES;
				IPHONEOS_DEPLOYMENT_TARGET = 14.4;
				MTL_ENABLE_DEBUG_INFO = INCLUDE_SOURCE;
				MTL_FAST_MATH = YES;
				ONLY_ACTIVE_ARCH = YES;
				SDKROOT = iphoneos;
				SWIFT_ACTIVE_COMPILATION_CONDITIONS = DEBUG;
				SWIFT_OPTIMIZATION_LEVEL = "-Onone";
			};
			name = Debug;
		};
		FAB898D727A8ADE60088BFFF /* Release */ = {
			isa = XCBuildConfiguration;
			buildSettings = {
				ALWAYS_SEARCH_USER_PATHS = NO;
				CLANG_ANALYZER_NONNULL = YES;
				CLANG_ANALYZER_NUMBER_OBJECT_CONVERSION = YES_AGGRESSIVE;
				CLANG_CXX_LANGUAGE_STANDARD = "gnu++14";
				CLANG_CXX_LIBRARY = "libc++";
				CLANG_ENABLE_MODULES = YES;
				CLANG_ENABLE_OBJC_ARC = YES;
				CLANG_ENABLE_OBJC_WEAK = YES;
				CLANG_WARN_BLOCK_CAPTURE_AUTORELEASING = YES;
				CLANG_WARN_BOOL_CONVERSION = YES;
				CLANG_WARN_COMMA = YES;
				CLANG_WARN_CONSTANT_CONVERSION = YES;
				CLANG_WARN_DEPRECATED_OBJC_IMPLEMENTATIONS = YES;
				CLANG_WARN_DIRECT_OBJC_ISA_USAGE = YES_ERROR;
				CLANG_WARN_DOCUMENTATION_COMMENTS = YES;
				CLANG_WARN_EMPTY_BODY = YES;
				CLANG_WARN_ENUM_CONVERSION = YES;
				CLANG_WARN_INFINITE_RECURSION = YES;
				CLANG_WARN_INT_CONVERSION = YES;
				CLANG_WARN_NON_LITERAL_NULL_CONVERSION = YES;
				CLANG_WARN_OBJC_IMPLICIT_RETAIN_SELF = YES;
				CLANG_WARN_OBJC_LITERAL_CONVERSION = YES;
				CLANG_WARN_OBJC_ROOT_CLASS = YES_ERROR;
				CLANG_WARN_QUOTED_INCLUDE_IN_FRAMEWORK_HEADER = YES;
				CLANG_WARN_RANGE_LOOP_ANALYSIS = YES;
				CLANG_WARN_STRICT_PROTOTYPES = YES;
				CLANG_WARN_SUSPICIOUS_MOVE = YES;
				CLANG_WARN_UNGUARDED_AVAILABILITY = YES_AGGRESSIVE;
				CLANG_WARN_UNREACHABLE_CODE = YES;
				CLANG_WARN__DUPLICATE_METHOD_MATCH = YES;
				COPY_PHASE_STRIP = NO;
				DEBUG_INFORMATION_FORMAT = "dwarf-with-dsym";
				ENABLE_NS_ASSERTIONS = NO;
				ENABLE_STRICT_OBJC_MSGSEND = YES;
				GCC_C_LANGUAGE_STANDARD = gnu11;
				GCC_NO_COMMON_BLOCKS = YES;
				GCC_WARN_64_TO_32_BIT_CONVERSION = YES;
				GCC_WARN_ABOUT_RETURN_TYPE = YES_ERROR;
				GCC_WARN_UNDECLARED_SELECTOR = YES;
				GCC_WARN_UNINITIALIZED_AUTOS = YES_AGGRESSIVE;
				GCC_WARN_UNUSED_FUNCTION = YES;
				GCC_WARN_UNUSED_VARIABLE = YES;
				IPHONEOS_DEPLOYMENT_TARGET = 14.4;
				MTL_ENABLE_DEBUG_INFO = NO;
				MTL_FAST_MATH = YES;
				SDKROOT = iphoneos;
				SWIFT_COMPILATION_MODE = wholemodule;
				SWIFT_OPTIMIZATION_LEVEL = "-O";
				VALIDATE_PRODUCT = YES;
			};
			name = Release;
		};
		FAB898D927A8ADE60088BFFF /* Debug */ = {
			isa = XCBuildConfiguration;
			buildSettings = {
				ASSETCATALOG_COMPILER_APPICON_NAME = AppIcon;
				ASSETCATALOG_COMPILER_GLOBAL_ACCENT_COLOR_NAME = AccentColor;
				CODE_SIGN_STYLE = Automatic;
				INFOPLIST_FILE = Prework/Info.plist;
				LD_RUNPATH_SEARCH_PATHS = (
					"$(inherited)",
					"@executable_path/Frameworks",
				);
				PRODUCT_BUNDLE_IDENTIFIER = memo.com.Prework;
				PRODUCT_NAME = "$(TARGET_NAME)";
				SWIFT_VERSION = 5.0;
				TARGETED_DEVICE_FAMILY = "1,2";
			};
			name = Debug;
		};
		FAB898DA27A8ADE60088BFFF /* Release */ = {
			isa = XCBuildConfiguration;
			buildSettings = {
				ASSETCATALOG_COMPILER_APPICON_NAME = AppIcon;
				ASSETCATALOG_COMPILER_GLOBAL_ACCENT_COLOR_NAME = AccentColor;
				CODE_SIGN_STYLE = Automatic;
				INFOPLIST_FILE = Prework/Info.plist;
				LD_RUNPATH_SEARCH_PATHS = (
					"$(inherited)",
					"@executable_path/Frameworks",
				);
				PRODUCT_BUNDLE_IDENTIFIER = memo.com.Prework;
				PRODUCT_NAME = "$(TARGET_NAME)";
				SWIFT_VERSION = 5.0;
				TARGETED_DEVICE_FAMILY = "1,2";
			};
			name = Release;
		};
		FAB898DC27A8ADE60088BFFF /* Debug */ = {
			isa = XCBuildConfiguration;
			buildSettings = {
				ALWAYS_EMBED_SWIFT_STANDARD_LIBRARIES = YES;
				BUNDLE_LOADER = "$(TEST_HOST)";
				CODE_SIGN_STYLE = Automatic;
				INFOPLIST_FILE = PreworkTests/Info.plist;
				IPHONEOS_DEPLOYMENT_TARGET = 14.4;
				LD_RUNPATH_SEARCH_PATHS = (
					"$(inherited)",
					"@executable_path/Frameworks",
					"@loader_path/Frameworks",
				);
				PRODUCT_BUNDLE_IDENTIFIER = memo.com.PreworkTests;
				PRODUCT_NAME = "$(TARGET_NAME)";
				SWIFT_VERSION = 5.0;
				TARGETED_DEVICE_FAMILY = "1,2";
				TEST_HOST = "$(BUILT_PRODUCTS_DIR)/Prework.app/Prework";
			};
			name = Debug;
		};
		FAB898DD27A8ADE60088BFFF /* Release */ = {
			isa = XCBuildConfiguration;
			buildSettings = {
				ALWAYS_EMBED_SWIFT_STANDARD_LIBRARIES = YES;
				BUNDLE_LOADER = "$(TEST_HOST)";
				CODE_SIGN_STYLE = Automatic;
				INFOPLIST_FILE = PreworkTests/Info.plist;
				IPHONEOS_DEPLOYMENT_TARGET = 14.4;
				LD_RUNPATH_SEARCH_PATHS = (
					"$(inherited)",
					"@executable_path/Frameworks",
					"@loader_path/Frameworks",
				);
				PRODUCT_BUNDLE_IDENTIFIER = memo.com.PreworkTests;
				PRODUCT_NAME = "$(TARGET_NAME)";
				SWIFT_VERSION = 5.0;
				TARGETED_DEVICE_FAMILY = "1,2";
				TEST_HOST = "$(BUILT_PRODUCTS_DIR)/Prework.app/Prework";
			};
			name = Release;
		};
		FAB898DF27A8ADE60088BFFF /* Debug */ = {
			isa = XCBuildConfiguration;
			buildSettings = {
				ALWAYS_EMBED_SWIFT_STANDARD_LIBRARIES = YES;
				CODE_SIGN_STYLE = Automatic;
				INFOPLIST_FILE = PreworkUITests/Info.plist;
				LD_RUNPATH_SEARCH_PATHS = (
					"$(inherited)",
					"@executable_path/Frameworks",
					"@loader_path/Frameworks",
				);
				PRODUCT_BUNDLE_IDENTIFIER = memo.com.PreworkUITests;
				PRODUCT_NAME = "$(TARGET_NAME)";
				SWIFT_VERSION = 5.0;
				TARGETED_DEVICE_FAMILY = "1,2";
				TEST_TARGET_NAME = Prework;
			};
			name = Debug;
		};
		FAB898E027A8ADE60088BFFF /* Release */ = {
			isa = XCBuildConfiguration;
			buildSettings = {
				ALWAYS_EMBED_SWIFT_STANDARD_LIBRARIES = YES;
				CODE_SIGN_STYLE = Automatic;
				INFOPLIST_FILE = PreworkUITests/Info.plist;
				LD_RUNPATH_SEARCH_PATHS = (
					"$(inherited)",
					"@executable_path/Frameworks",
					"@loader_path/Frameworks",
				);
				PRODUCT_BUNDLE_IDENTIFIER = memo.com.PreworkUITests;
				PRODUCT_NAME = "$(TARGET_NAME)";
				SWIFT_VERSION = 5.0;
				TARGETED_DEVICE_FAMILY = "1,2";
				TEST_TARGET_NAME = Prework;
			};
			name = Release;
		};
/* End XCBuildConfiguration section */

/* Begin XCConfigurationList section */
		FAB898A927A8ADE50088BFFF /* Build configuration list for PBXProject "Prework" */ = {
			isa = XCConfigurationList;
			buildConfigurations = (
				FAB898D627A8ADE60088BFFF /* Debug */,
				FAB898D727A8ADE60088BFFF /* Release */,
			);
			defaultConfigurationIsVisible = 0;
			defaultConfigurationName = Release;
		};
		FAB898D827A8ADE60088BFFF /* Build configuration list for PBXNativeTarget "Prework" */ = {
			isa = XCConfigurationList;
			buildConfigurations = (
				FAB898D927A8ADE60088BFFF /* Debug */,
				FAB898DA27A8ADE60088BFFF /* Release */,
			);
			defaultConfigurationIsVisible = 0;
			defaultConfigurationName = Release;
		};
		FAB898DB27A8ADE60088BFFF /* Build configuration list for PBXNativeTarget "PreworkTests" */ = {
			isa = XCConfigurationList;
			buildConfigurations = (
				FAB898DC27A8ADE60088BFFF /* Debug */,
				FAB898DD27A8ADE60088BFFF /* Release */,
			);
			defaultConfigurationIsVisible = 0;
			defaultConfigurationName = Release;
		};
		FAB898DE27A8ADE60088BFFF /* Build configuration list for PBXNativeTarget "PreworkUITests" */ = {
			isa = XCConfigurationList;
			buildConfigurations = (
				FAB898DF27A8ADE60088BFFF /* Debug */,
				FAB898E027A8ADE60088BFFF /* Release */,
			);
			defaultConfigurationIsVisible = 0;
			defaultConfigurationName = Release;
		};
/* End XCConfigurationList section */
	};
	rootObject = FAB898A627A8ADE50088BFFF /* Project object */;
}
